
Microsoft Visual Studio Solution File, Format Version 12.00
# Visual Studio Version 16
VisualStudioVersion = 16.0.30011.22
MinimumVisualStudioVersion = 10.0.40219.1
Project("{888888A0-9F3D-457C-B088-3A5042F75D52}") = "파이썬 워크북 59번", "파이썬 워크북 59번\파이썬 워크북 59번.pyproj", "{2D8D2139-A921-4740-A52E-9A9A5A93E30C}"
EndProject
Global
	GlobalSection(SolutionConfigurationPlatforms) = preSolution
		Debug|Any CPU = Debug|Any CPU
		Release|Any CPU = Release|Any CPU
	EndGlobalSection
	GlobalSection(ProjectConfigurationPlatforms) = postSolution
		{2D8D2139-A921-4740-A52E-9A9A5A93E30C}.Debug|Any CPU.ActiveCfg = Debug|Any CPU
		{2D8D2139-A921-4740-A52E-9A9A5A93E30C}.Release|Any CPU.ActiveCfg = Release|Any CPU
	EndGlobalSection
	GlobalSection(SolutionProperties) = preSolution
		HideSolutionNode = FALSE
	EndGlobalSection
	GlobalSection(ExtensibilityGlobals) = postSolution
		SolutionGuid = {76CD59AA-A0AE-445E-A155-DE7F79AF728B}
	EndGlobalSection
EndGlobal
